<?xml version="1.0" encoding="UTF-8" standalone="yes" ?>
<CodeBlocks_project_file>
	<FileVersion major="1" minor="6" />
	<Project>
		<Option title="BreadBoard" />
		<Option pch_mode="2" />
		<Option compiler="gcc" />
		<Build>
			<Target title="debug - windows">
				<Option output="BreadBoard.exe" prefix_auto="0" extension_auto="0" />
				<Option object_output="obj/debug - windows" />
				<Option type="1" />
				<Option compiler="gcc" />
				<Compiler>
					<Add option="-std=c++11" />
					<Add directory="src" />
					<Add directory="engine/undicht/core/include" />
					<Add directory="engine/undicht/engine/src" />
					<Add directory="engine/undicht/vendor" />
					<Add directory="engine/undicht/vendor/glm" />
				</Compiler>
				<Linker>
					<Add option="-s" />
					<Add directory="engine/undicht/core" />
					<Add directory="engine/undicht/engine" />
					<Add library="core" />
					<Add library="engine" />
				</Linker>
			</Target>
			<Target title="debug - linux">
				<Option output="BreadBoard.exe" prefix_auto="0" extension_auto="0" />
				<Option object_output="obj/debug - linux" />
				<Option type="1" />
				<Option compiler="gcc" />
				<Compiler>
					<Add option="-std=c++11" />
					<Add directory="src" />
					<Add directory="engine/undicht/core/include" />
					<Add directory="engine/undicht/engine/src" />
					<Add directory="engine/undicht/vendor" />
					<Add directory="engine/undicht/vendor/glm" />
				</Compiler>
				<Linker>
					<Add option="-s" />
					<Add directory="engine/undicht/core" />
					<Add directory="engine/undicht/engine" />
					<Add directory="." />
					<Add library="core" />
					<Add library="engine" />
					<Add library="dl" />
				</Linker>
			</Target>
			<Target title="release - windows">
				<Option output="BreadBoard.exe" prefix_auto="0" extension_auto="0" />
				<Option object_output="obj/release - windows" />
				<Option type="1" />
				<Option compiler="gcc" />
				<Compiler>
					<Add option="-std=c++11" />
					<Add directory="src" />
					<Add directory="engine/undicht/core/include" />
					<Add directory="engine/undicht/engine/src" />
					<Add directory="engine/undicht/vendor" />
					<Add directory="engine/undicht/vendor/glm" />
				</Compiler>
				<Linker>
					<Add option="-s" />
					<Add directory="engine/undicht/core" />
					<Add directory="engine/undicht/engine" />
					<Add library="core" />
					<Add library="engine" />
				</Linker>
			</Target>
			<Target title="release - linux">
				<Option output="BreadBoard.exe" prefix_auto="0" extension_auto="0" />
				<Option object_output="obj/release - linux" />
				<Option type="1" />
				<Option compiler="gcc" />
				<Compiler>
					<Add option="-std=c++11" />
					<Add directory="src" />
					<Add directory="engine/undicht/core/include" />
					<Add directory="engine/undicht/engine/src" />
					<Add directory="engine/undicht/vendor" />
					<Add directory="engine/undicht/vendor/glm" />
				</Compiler>
				<Linker>
					<Add option="-s" />
					<Add directory="engine/undicht/core" />
					<Add directory="engine/undicht/engine" />
					<Add directory="." />
					<Add library="core" />
					<Add library="engine" />
					<Add library="dl" />
				</Linker>
			</Target>
		</Build>
		<Unit filename="src/breadboard.cpp">
		</Unit>
		<Unit filename="src/breadboard.h">
		</Unit>
		<Unit filename="src/component.cpp">
		</Unit>
		<Unit filename="src/component.h">
		</Unit>
		<Unit filename="src/contact_strip.cpp">
		</Unit>
		<Unit filename="src/contact_strip.h">
		</Unit>
		<Unit filename="src/engine_control.cpp">
		</Unit>
		<Unit filename="src/engine_control.h">
		</Unit>
		<Unit filename="src/main.cpp">
		</Unit>
		<Unit filename="src/components/led.cpp">
		</Unit>
		<Unit filename="src/components/led.h">
		</Unit>
		<Unit filename="src/components/pin_status.cpp">
		</Unit>
		<Unit filename="src/components/pin_status.h">
		</Unit>
		<Unit filename="src/rendering/board_texture.cpp">
		</Unit>
		<Unit filename="src/rendering/board_texture.h">
		</Unit>
		<Unit filename="src/rendering/renderer.cpp">
		</Unit>
		<Unit filename="src/rendering/renderer.h">
		</Unit>
		<Unit filename="src/rendering/texture_generator.cpp">
		</Unit>
		<Unit filename="src/rendering/texture_generator.h">
		</Unit>
		<Extensions>
		</Extensions>
	</Project>
</CodeBlocks_project_file>

